
Microsoft Visual Studio Solution File, Format Version 12.00
# Visual Studio Version 16
VisualStudioVersion = 16.0.29215.179
MinimumVisualStudioVersion = 10.0.40219.1
Project("{FAE04EC0-301F-11D3-BF4B-00C04F79EFBC}") = "DNMOFT.DataAccess", "DNMOFT.DataAccess\DNMOFT.DataAccess.csproj", "{04128415-183F-4420-8E42-8A43C696567B}"
EndProject
Project("{FAE04EC0-301F-11D3-BF4B-00C04F79EFBC}") = "DNMOFT.Repository", "DNMOFT.Repository\DNMOFT.Repository.csproj", "{28497BD2-1D36-4C24-9947-6F9BB6E88738}"
EndProject
Project("{FAE04EC0-301F-11D3-BF4B-00C04F79EFBC}") = "DNMOFT.Business", "DNMOFT.Business\DNMOFT.Business.csproj", "{1B2007BC-B206-44A3-B8EB-4679678DBC02}"
EndProject
Project("{FAE04EC0-301F-11D3-BF4B-00C04F79EFBC}") = "DNMOFT.ViewModel", "DNMOFT.ViewModel\DNMOFT.ViewModel.csproj", "{C7F3FF90-8705-4BC3-8B92-4BA54C49BDA0}"
EndProject
Project("{FAE04EC0-301F-11D3-BF4B-00C04F79EFBC}") = "DNMOFT.Web", "DNMOFT.Web\DNMOFT.Web.csproj", "{545ED3EA-9E1D-4EBA-98F8-8CAF1761BD5C}"
EndProject
Project("{2150E333-8FDC-42A3-9474-1A3956D46DE8}") = "Framework", "Framework", "{33A85A9E-83F2-4F5C-8228-DCADDFBEF70B}"
EndProject
Project("{2150E333-8FDC-42A3-9474-1A3956D46DE8}") = "Core", "Core", "{756CE7FC-71B0-4879-949E-C1951D032B21}"
EndProject
Project("{2150E333-8FDC-42A3-9474-1A3956D46DE8}") = "Extensions", "Extensions", "{8A45210E-2251-4420-9406-E3134B40C83D}"
EndProject
Global
	GlobalSection(SolutionConfigurationPlatforms) = preSolution
		Debug|Any CPU = Debug|Any CPU
		Release|Any CPU = Release|Any CPU
	EndGlobalSection
	GlobalSection(ProjectConfigurationPlatforms) = postSolution
		{04128415-183F-4420-8E42-8A43C696567B}.Debug|Any CPU.ActiveCfg = Debug|Any CPU
		{04128415-183F-4420-8E42-8A43C696567B}.Debug|Any CPU.Build.0 = Debug|Any CPU
		{04128415-183F-4420-8E42-8A43C696567B}.Release|Any CPU.ActiveCfg = Release|Any CPU
		{04128415-183F-4420-8E42-8A43C696567B}.Release|Any CPU.Build.0 = Release|Any CPU
		{28497BD2-1D36-4C24-9947-6F9BB6E88738}.Debug|Any CPU.ActiveCfg = Debug|Any CPU
		{28497BD2-1D36-4C24-9947-6F9BB6E88738}.Debug|Any CPU.Build.0 = Debug|Any CPU
		{28497BD2-1D36-4C24-9947-6F9BB6E88738}.Release|Any CPU.ActiveCfg = Release|Any CPU
		{28497BD2-1D36-4C24-9947-6F9BB6E88738}.Release|Any CPU.Build.0 = Release|Any CPU
		{1B2007BC-B206-44A3-B8EB-4679678DBC02}.Debug|Any CPU.ActiveCfg = Debug|Any CPU
		{1B2007BC-B206-44A3-B8EB-4679678DBC02}.Debug|Any CPU.Build.0 = Debug|Any CPU
		{1B2007BC-B206-44A3-B8EB-4679678DBC02}.Release|Any CPU.ActiveCfg = Release|Any CPU
		{1B2007BC-B206-44A3-B8EB-4679678DBC02}.Release|Any CPU.Build.0 = Release|Any CPU
		{C7F3FF90-8705-4BC3-8B92-4BA54C49BDA0}.Debug|Any CPU.ActiveCfg = Debug|Any CPU
		{C7F3FF90-8705-4BC3-8B92-4BA54C49BDA0}.Debug|Any CPU.Build.0 = Debug|Any CPU
		{C7F3FF90-8705-4BC3-8B92-4BA54C49BDA0}.Release|Any CPU.ActiveCfg = Release|Any CPU
		{C7F3FF90-8705-4BC3-8B92-4BA54C49BDA0}.Release|Any CPU.Build.0 = Release|Any CPU
		{545ED3EA-9E1D-4EBA-98F8-8CAF1761BD5C}.Debug|Any CPU.ActiveCfg = Debug|Any CPU
		{545ED3EA-9E1D-4EBA-98F8-8CAF1761BD5C}.Debug|Any CPU.Build.0 = Debug|Any CPU
		{545ED3EA-9E1D-4EBA-98F8-8CAF1761BD5C}.Release|Any CPU.ActiveCfg = Release|Any CPU
		{545ED3EA-9E1D-4EBA-98F8-8CAF1761BD5C}.Release|Any CPU.Build.0 = Release|Any CPU
	EndGlobalSection
	GlobalSection(SolutionProperties) = preSolution
		HideSolutionNode = FALSE
	EndGlobalSection
	GlobalSection(NestedProjects) = preSolution
		{04128415-183F-4420-8E42-8A43C696567B} = {33A85A9E-83F2-4F5C-8228-DCADDFBEF70B}
		{28497BD2-1D36-4C24-9947-6F9BB6E88738} = {33A85A9E-83F2-4F5C-8228-DCADDFBEF70B}
		{1B2007BC-B206-44A3-B8EB-4679678DBC02} = {33A85A9E-83F2-4F5C-8228-DCADDFBEF70B}
		{C7F3FF90-8705-4BC3-8B92-4BA54C49BDA0} = {33A85A9E-83F2-4F5C-8228-DCADDFBEF70B}
		{545ED3EA-9E1D-4EBA-98F8-8CAF1761BD5C} = {33A85A9E-83F2-4F5C-8228-DCADDFBEF70B}
	EndGlobalSection
	GlobalSection(ExtensibilityGlobals) = postSolution
		SolutionGuid = {260E1388-0B8C-45A0-8A2C-A8F5230B1317}
	EndGlobalSection
EndGlobal
